# THIS IS AN AUTOGENERATED FILE. DO NOT EDIT THIS FILE DIRECTLY.
# yarn lockfile v1


"@types/wechat-miniprogram@^3.4.0":
  "integrity" "sha512-szbuYR32VotxNQNQ4YyQ6Ob3ya0tLY0zpf/xvi6DF8Oqb+0Y+5CL5BpxS+4wBSJvlu3VfSXhjxZ0ze1a3l16Pw=="
  "resolved" "https://registry.npmmirror.com/@types/wechat-miniprogram/-/wechat-miniprogram-3.4.1.tgz"
  "version" "3.4.1"

"@vant/weapp@^1.10.5":
  "integrity" "sha512-bAHp9r0ZiRsOqPOLzQHI/ZvkAlXzol1/TFhM70MyghuxkzJTjcDUd8RIfLkCN3c1MCK/PfBGw2an8/afygftCg=="
  "resolved" "https://registry.npmmirror.com/@vant/weapp/-/weapp-1.10.5.tgz"
  "version" "1.10.5"

"echarts@^5.4.0":
  "integrity" "sha512-uPsO9VRUIKAdFOoH3B0aNg7NRVdN7aM39/OjovjO9MwmWsAkfGyeXJhK+dbRi51iDrQWliXV60/XwLA7kg3z0w=="
  "resolved" "https://registry.npmmirror.com/echarts/-/echarts-5.4.0.tgz"
  "version" "5.4.0"
  dependencies:
    "tslib" "2.3.0"
    "zrender" "5.4.0"

"mobx-miniprogram-bindings@^2.1.5":
  "integrity" "sha512-2HuiQL5FPgoYJ8XIMdw5iD6XT61LtsujaGyizbN845iZcsLmrKZiF0dKd4jQTSuC/6rGozqqhcy0sDc7qcpjYQ=="
  "resolved" "https://registry.npmmirror.com/mobx-miniprogram-bindings/-/mobx-miniprogram-bindings-2.1.5.tgz"
  "version" "2.1.5"
  dependencies:
    "@types/wechat-miniprogram" "^3.4.0"

"mobx-miniprogram@^4.0.0", "mobx-miniprogram@^4.13.2":
  "integrity" "sha512-C3HtkqHCLKp35N2gXA80yFD6PNfSqwioPFmnjTQpBLrEqYm1F6yiWZ57CW+8FqgmR306mw6ZfsM5q7hSTHw8BQ=="
  "resolved" "https://registry.npmmirror.com/mobx-miniprogram/-/mobx-miniprogram-4.13.2.tgz"
  "version" "4.13.2"

"tslib@2.3.0":
  "integrity" "sha512-N82ooyxVNm6h1riLCoyS9e3fuJ3AMG2zIZs2Gd1ATcSFjSA23Q0fzjjZeh0jbJvWVDZ0cJT8yaNNaaXHzueNjg=="
  "resolved" "https://registry.npmmirror.com/tslib/-/tslib-2.3.0.tgz"
  "version" "2.3.0"

"zrender@5.4.0":
  "integrity" "sha512-rOS09Z2HSVGFs2dn/TuYk5BlCaZcVe8UDLLjj1ySYF828LATKKdxuakSZMvrDz54yiKPDYVfjdKqcX8Jky3BIA=="
  "resolved" "https://registry.npmmirror.com/zrender/-/zrender-5.4.0.tgz"
  "version" "5.4.0"
  dependencies:
    "tslib" "2.3.0"
